
Microsoft Visual Studio Solution File, Format Version 12.00
# Visual Studio Version 17
VisualStudioVersion = 17.9.34728.123
MinimumVisualStudioVersion = 10.0.40219.1
Project("{FAE04EC0-301F-11D3-BF4B-00C04F79EFBC}") = "WMSWebAPI", "WMSWebAPI.csproj", "{0D198F0A-A3D9-4AC9-BFD0-8770F9E3479C}"
EndProject
Global
	GlobalSection(SolutionConfigurationPlatforms) = preSolution
		Debug|Any CPU = Debug|Any CPU
		Release|Any CPU = Release|Any CPU
	EndGlobalSection
	GlobalSection(ProjectConfigurationPlatforms) = postSolution
		{0D198F0A-A3D9-4AC9-BFD0-8770F9E3479C}.Debug|Any CPU.ActiveCfg = Debug|Any CPU
		{0D198F0A-A3D9-4AC9-BFD0-8770F9E3479C}.Debug|Any CPU.Build.0 = Debug|Any CPU
		{0D198F0A-A3D9-4AC9-BFD0-8770F9E3479C}.Release|Any CPU.ActiveCfg = Release|Any CPU
		{0D198F0A-A3D9-4AC9-BFD0-8770F9E3479C}.Release|Any CPU.Build.0 = Release|Any CPU
	EndGlobalSection
	GlobalSection(SolutionProperties) = preSolution
		HideSolutionNode = FALSE
	EndGlobalSection
	GlobalSection(ExtensibilityGlobals) = postSolution
		SolutionGuid = {E81A55E0-6A13-4504-9FB7-190EF30F334D}
	EndGlobalSection
EndGlobal
